<?xml version="1.0" encoding="UTF-8" standalone="yes" ?>
<CodeBlocks_project_file>
	<FileVersion major="1" minor="6" />
	<Project>
		<Option title="U2" />
		<Option pch_mode="2" />
		<Option compiler="gcc" />
		<Option virtualFolders="Headers\;" />
		<Build>
			<Target title="Debug">
				<Option output="bin/Debug/U2" prefix_auto="1" extension_auto="1" />
				<Option object_output="obj/Debug/" />
				<Option type="1" />
				<Option compiler="gcc" />
				<Compiler>
					<Add option="-g" />
					<Add directory="include" />
				</Compiler>
				<Linker>
					<Add library="dependencies/lib/libLib.a" />
				</Linker>
			</Target>
			<Target title="Release">
				<Option output="bin/Release/U2" prefix_auto="1" extension_auto="1" />
				<Option object_output="obj/Release/" />
				<Option type="1" />
				<Option compiler="gcc" />
				<Compiler>
					<Add option="-O2" />
					<Add directory="include" />
				</Compiler>
				<Linker>
					<Add option="-s" />
				</Linker>
			</Target>
		</Build>
		<Compiler>
			<Add option="-Wall" />
			<Add option="-fexceptions" />
		</Compiler>
		<Linker>
			<Add library="../Lib/bin/Debug/libLib.a" />
		</Linker>
		<Unit filename="Manager.cpp" />
		<Unit filename="Manager.h" />
		<Unit filename="include/BufferManager.h" />
		<Unit filename="include/Ennemi.h" />
		<Unit filename="include/GameWrapper.h" />
		<Unit filename="include/Hero.h" />
		<Unit filename="include/NYTimer.h" />
		<Unit filename="include/Perso.h" />
		<Unit filename="include/PoolManager.h" />
		<Unit filename="include/Positionable.h" />
		<Unit filename="include/Projectile.h" />
		<Unit filename="include/Texte.h" />
		<Unit filename="include/Visuel.h" />
		<Unit filename="main.cpp" />
		<Unit filename="src/BufferManager.cpp" />
		<Unit filename="src/Ennemi.cpp" />
		<Unit filename="src/GameWrapper.cpp" />
		<Unit filename="src/Hero.cpp" />
		<Unit filename="src/NYTimer.cpp" />
		<Unit filename="src/Perso.cpp" />
		<Unit filename="src/PoolManager.cpp" />
		<Unit filename="src/Positionable.cpp" />
		<Unit filename="src/Projectile.cpp" />
		<Unit filename="src/Texte.cpp" />
		<Unit filename="src/Visuel.cpp" />
		<Extensions>
			<code_completion />
			<envvars />
			<debugger />
			<lib_finder disable_auto="1" />
		</Extensions>
	</Project>
</CodeBlocks_project_file>
