
Microsoft Visual Studio Solution File, Format Version 12.00
# Visual Studio 15
VisualStudioVersion = 15.0.27703.2018
MinimumVisualStudioVersion = 10.0.40219.1
Project("{8BC9CEB8-8B4A-11D0-8D11-00A0C91BC942}") = "U2", "U2\U2.vcxproj", "{A509E382-BF2C-43DF-99FE-50140E3D4E7E}"
EndProject
Global
	GlobalSection(SolutionConfigurationPlatforms) = preSolution
		Debug|x64 = Debug|x64
		Debug|x86 = Debug|x86
		Release|x64 = Release|x64
		Release|x86 = Release|x86
	EndGlobalSection
	GlobalSection(ProjectConfigurationPlatforms) = postSolution
		{A509E382-BF2C-43DF-99FE-50140E3D4E7E}.Debug|x64.ActiveCfg = Debug|x64
		{A509E382-BF2C-43DF-99FE-50140E3D4E7E}.Debug|x64.Build.0 = Debug|x64
		{A509E382-BF2C-43DF-99FE-50140E3D4E7E}.Debug|x86.ActiveCfg = Debug|Win32
		{A509E382-BF2C-43DF-99FE-50140E3D4E7E}.Debug|x86.Build.0 = Debug|Win32
		{A509E382-BF2C-43DF-99FE-50140E3D4E7E}.Release|x64.ActiveCfg = Release|x64
		{A509E382-BF2C-43DF-99FE-50140E3D4E7E}.Release|x64.Build.0 = Release|x64
		{A509E382-BF2C-43DF-99FE-50140E3D4E7E}.Release|x86.ActiveCfg = Release|Win32
		{A509E382-BF2C-43DF-99FE-50140E3D4E7E}.Release|x86.Build.0 = Release|Win32
	EndGlobalSection
	GlobalSection(SolutionProperties) = preSolution
		HideSolutionNode = FALSE
	EndGlobalSection
	GlobalSection(ExtensibilityGlobals) = postSolution
		SolutionGuid = {CEB4C706-7E27-47C3-9CD2-CC86234FBF4E}
	EndGlobalSection
EndGlobal
